
Microsoft Visual Studio Solution File, Format Version 12.00
# Visual Studio Version 16
VisualStudioVersion = 16.0.30804.86
MinimumVisualStudioVersion = 10.0.40219.1
Project("{9A19103F-16F7-4668-BE54-9A1E7A4F7556}") = "BLLC", "BLLC\BLLC.csproj", "{FDD6B226-C16B-44F6-80F6-B11A1FCB4C39}"
EndProject
Project("{9A19103F-16F7-4668-BE54-9A1E7A4F7556}") = "BO", "..\BO\BO.csproj", "{59BF1B9E-18E7-466A-939E-0E56B9868CAB}"
EndProject
Project("{9A19103F-16F7-4668-BE54-9A1E7A4F7556}") = "ClientDesktop", "ClientDesktop\ClientDesktop.csproj", "{DB42CFE8-905E-4D2F-931B-55962DD11839}"
EndProject
Project("{FAE04EC0-301F-11D3-BF4B-00C04F79EFBC}") = "AppFoodMobil", "AppFoodMobil\AppFoodMobil.csproj", "{88C5132C-8140-43BE-9D62-1CAB2E49B9D5}"
EndProject
Global
	GlobalSection(SolutionConfigurationPlatforms) = preSolution
		Debug|Any CPU = Debug|Any CPU
		Debug|ARM = Debug|ARM
		Debug|ARM64 = Debug|ARM64
		Debug|x64 = Debug|x64
		Debug|x86 = Debug|x86
		Release|Any CPU = Release|Any CPU
		Release|ARM = Release|ARM
		Release|ARM64 = Release|ARM64
		Release|x64 = Release|x64
		Release|x86 = Release|x86
	EndGlobalSection
	GlobalSection(ProjectConfigurationPlatforms) = postSolution
		{FDD6B226-C16B-44F6-80F6-B11A1FCB4C39}.Debug|Any CPU.ActiveCfg = Debug|Any CPU
		{FDD6B226-C16B-44F6-80F6-B11A1FCB4C39}.Debug|Any CPU.Build.0 = Debug|Any CPU
		{FDD6B226-C16B-44F6-80F6-B11A1FCB4C39}.Debug|ARM.ActiveCfg = Debug|Any CPU
		{FDD6B226-C16B-44F6-80F6-B11A1FCB4C39}.Debug|ARM.Build.0 = Debug|Any CPU
		{FDD6B226-C16B-44F6-80F6-B11A1FCB4C39}.Debug|ARM64.ActiveCfg = Debug|Any CPU
		{FDD6B226-C16B-44F6-80F6-B11A1FCB4C39}.Debug|ARM64.Build.0 = Debug|Any CPU
		{FDD6B226-C16B-44F6-80F6-B11A1FCB4C39}.Debug|x64.ActiveCfg = Debug|Any CPU
		{FDD6B226-C16B-44F6-80F6-B11A1FCB4C39}.Debug|x64.Build.0 = Debug|Any CPU
		{FDD6B226-C16B-44F6-80F6-B11A1FCB4C39}.Debug|x86.ActiveCfg = Debug|Any CPU
		{FDD6B226-C16B-44F6-80F6-B11A1FCB4C39}.Debug|x86.Build.0 = Debug|Any CPU
		{FDD6B226-C16B-44F6-80F6-B11A1FCB4C39}.Release|Any CPU.ActiveCfg = Release|Any CPU
		{FDD6B226-C16B-44F6-80F6-B11A1FCB4C39}.Release|Any CPU.Build.0 = Release|Any CPU
		{FDD6B226-C16B-44F6-80F6-B11A1FCB4C39}.Release|ARM.ActiveCfg = Release|Any CPU
		{FDD6B226-C16B-44F6-80F6-B11A1FCB4C39}.Release|ARM.Build.0 = Release|Any CPU
		{FDD6B226-C16B-44F6-80F6-B11A1FCB4C39}.Release|ARM64.ActiveCfg = Release|Any CPU
		{FDD6B226-C16B-44F6-80F6-B11A1FCB4C39}.Release|ARM64.Build.0 = Release|Any CPU
		{FDD6B226-C16B-44F6-80F6-B11A1FCB4C39}.Release|x64.ActiveCfg = Release|Any CPU
		{FDD6B226-C16B-44F6-80F6-B11A1FCB4C39}.Release|x64.Build.0 = Release|Any CPU
		{FDD6B226-C16B-44F6-80F6-B11A1FCB4C39}.Release|x86.ActiveCfg = Release|Any CPU
		{FDD6B226-C16B-44F6-80F6-B11A1FCB4C39}.Release|x86.Build.0 = Release|Any CPU
		{59BF1B9E-18E7-466A-939E-0E56B9868CAB}.Debug|Any CPU.ActiveCfg = Debug|Any CPU
		{59BF1B9E-18E7-466A-939E-0E56B9868CAB}.Debug|Any CPU.Build.0 = Debug|Any CPU
		{59BF1B9E-18E7-466A-939E-0E56B9868CAB}.Debug|ARM.ActiveCfg = Debug|Any CPU
		{59BF1B9E-18E7-466A-939E-0E56B9868CAB}.Debug|ARM.Build.0 = Debug|Any CPU
		{59BF1B9E-18E7-466A-939E-0E56B9868CAB}.Debug|ARM64.ActiveCfg = Debug|Any CPU
		{59BF1B9E-18E7-466A-939E-0E56B9868CAB}.Debug|ARM64.Build.0 = Debug|Any CPU
		{59BF1B9E-18E7-466A-939E-0E56B9868CAB}.Debug|x64.ActiveCfg = Debug|Any CPU
		{59BF1B9E-18E7-466A-939E-0E56B9868CAB}.Debug|x64.Build.0 = Debug|Any CPU
		{59BF1B9E-18E7-466A-939E-0E56B9868CAB}.Debug|x86.ActiveCfg = Debug|Any CPU
		{59BF1B9E-18E7-466A-939E-0E56B9868CAB}.Debug|x86.Build.0 = Debug|Any CPU
		{59BF1B9E-18E7-466A-939E-0E56B9868CAB}.Release|Any CPU.ActiveCfg = Release|Any CPU
		{59BF1B9E-18E7-466A-939E-0E56B9868CAB}.Release|Any CPU.Build.0 = Release|Any CPU
		{59BF1B9E-18E7-466A-939E-0E56B9868CAB}.Release|ARM.ActiveCfg = Release|Any CPU
		{59BF1B9E-18E7-466A-939E-0E56B9868CAB}.Release|ARM.Build.0 = Release|Any CPU
		{59BF1B9E-18E7-466A-939E-0E56B9868CAB}.Release|ARM64.ActiveCfg = Release|Any CPU
		{59BF1B9E-18E7-466A-939E-0E56B9868CAB}.Release|ARM64.Build.0 = Release|Any CPU
		{59BF1B9E-18E7-466A-939E-0E56B9868CAB}.Release|x64.ActiveCfg = Release|Any CPU
		{59BF1B9E-18E7-466A-939E-0E56B9868CAB}.Release|x64.Build.0 = Release|Any CPU
		{59BF1B9E-18E7-466A-939E-0E56B9868CAB}.Release|x86.ActiveCfg = Release|Any CPU
		{59BF1B9E-18E7-466A-939E-0E56B9868CAB}.Release|x86.Build.0 = Release|Any CPU
		{DB42CFE8-905E-4D2F-931B-55962DD11839}.Debug|Any CPU.ActiveCfg = Debug|Any CPU
		{DB42CFE8-905E-4D2F-931B-55962DD11839}.Debug|Any CPU.Build.0 = Debug|Any CPU
		{DB42CFE8-905E-4D2F-931B-55962DD11839}.Debug|ARM.ActiveCfg = Debug|Any CPU
		{DB42CFE8-905E-4D2F-931B-55962DD11839}.Debug|ARM.Build.0 = Debug|Any CPU
		{DB42CFE8-905E-4D2F-931B-55962DD11839}.Debug|ARM64.ActiveCfg = Debug|Any CPU
		{DB42CFE8-905E-4D2F-931B-55962DD11839}.Debug|ARM64.Build.0 = Debug|Any CPU
		{DB42CFE8-905E-4D2F-931B-55962DD11839}.Debug|x64.ActiveCfg = Debug|Any CPU
		{DB42CFE8-905E-4D2F-931B-55962DD11839}.Debug|x64.Build.0 = Debug|Any CPU
		{DB42CFE8-905E-4D2F-931B-55962DD11839}.Debug|x86.ActiveCfg = Debug|Any CPU
		{DB42CFE8-905E-4D2F-931B-55962DD11839}.Debug|x86.Build.0 = Debug|Any CPU
		{DB42CFE8-905E-4D2F-931B-55962DD11839}.Release|Any CPU.ActiveCfg = Release|Any CPU
		{DB42CFE8-905E-4D2F-931B-55962DD11839}.Release|Any CPU.Build.0 = Release|Any CPU
		{DB42CFE8-905E-4D2F-931B-55962DD11839}.Release|ARM.ActiveCfg = Release|Any CPU
		{DB42CFE8-905E-4D2F-931B-55962DD11839}.Release|ARM.Build.0 = Release|Any CPU
		{DB42CFE8-905E-4D2F-931B-55962DD11839}.Release|ARM64.ActiveCfg = Release|Any CPU
		{DB42CFE8-905E-4D2F-931B-55962DD11839}.Release|ARM64.Build.0 = Release|Any CPU
		{DB42CFE8-905E-4D2F-931B-55962DD11839}.Release|x64.ActiveCfg = Release|Any CPU
		{DB42CFE8-905E-4D2F-931B-55962DD11839}.Release|x64.Build.0 = Release|Any CPU
		{DB42CFE8-905E-4D2F-931B-55962DD11839}.Release|x86.ActiveCfg = Release|Any CPU
		{DB42CFE8-905E-4D2F-931B-55962DD11839}.Release|x86.Build.0 = Release|Any CPU
		{88C5132C-8140-43BE-9D62-1CAB2E49B9D5}.Debug|Any CPU.ActiveCfg = Debug|x86
		{88C5132C-8140-43BE-9D62-1CAB2E49B9D5}.Debug|ARM.ActiveCfg = Debug|ARM
		{88C5132C-8140-43BE-9D62-1CAB2E49B9D5}.Debug|ARM.Build.0 = Debug|ARM
		{88C5132C-8140-43BE-9D62-1CAB2E49B9D5}.Debug|ARM.Deploy.0 = Debug|ARM
		{88C5132C-8140-43BE-9D62-1CAB2E49B9D5}.Debug|ARM64.ActiveCfg = Debug|ARM64
		{88C5132C-8140-43BE-9D62-1CAB2E49B9D5}.Debug|ARM64.Build.0 = Debug|ARM64
		{88C5132C-8140-43BE-9D62-1CAB2E49B9D5}.Debug|ARM64.Deploy.0 = Debug|ARM64
		{88C5132C-8140-43BE-9D62-1CAB2E49B9D5}.Debug|x64.ActiveCfg = Debug|x64
		{88C5132C-8140-43BE-9D62-1CAB2E49B9D5}.Debug|x64.Build.0 = Debug|x64
		{88C5132C-8140-43BE-9D62-1CAB2E49B9D5}.Debug|x64.Deploy.0 = Debug|x64
		{88C5132C-8140-43BE-9D62-1CAB2E49B9D5}.Debug|x86.ActiveCfg = Debug|x86
		{88C5132C-8140-43BE-9D62-1CAB2E49B9D5}.Debug|x86.Build.0 = Debug|x86
		{88C5132C-8140-43BE-9D62-1CAB2E49B9D5}.Debug|x86.Deploy.0 = Debug|x86
		{88C5132C-8140-43BE-9D62-1CAB2E49B9D5}.Release|Any CPU.ActiveCfg = Release|x86
		{88C5132C-8140-43BE-9D62-1CAB2E49B9D5}.Release|ARM.ActiveCfg = Release|ARM
		{88C5132C-8140-43BE-9D62-1CAB2E49B9D5}.Release|ARM.Build.0 = Release|ARM
		{88C5132C-8140-43BE-9D62-1CAB2E49B9D5}.Release|ARM.Deploy.0 = Release|ARM
		{88C5132C-8140-43BE-9D62-1CAB2E49B9D5}.Release|ARM64.ActiveCfg = Release|ARM64
		{88C5132C-8140-43BE-9D62-1CAB2E49B9D5}.Release|ARM64.Build.0 = Release|ARM64
		{88C5132C-8140-43BE-9D62-1CAB2E49B9D5}.Release|ARM64.Deploy.0 = Release|ARM64
		{88C5132C-8140-43BE-9D62-1CAB2E49B9D5}.Release|x64.ActiveCfg = Release|x64
		{88C5132C-8140-43BE-9D62-1CAB2E49B9D5}.Release|x64.Build.0 = Release|x64
		{88C5132C-8140-43BE-9D62-1CAB2E49B9D5}.Release|x64.Deploy.0 = Release|x64
		{88C5132C-8140-43BE-9D62-1CAB2E49B9D5}.Release|x86.ActiveCfg = Release|x86
		{88C5132C-8140-43BE-9D62-1CAB2E49B9D5}.Release|x86.Build.0 = Release|x86
		{88C5132C-8140-43BE-9D62-1CAB2E49B9D5}.Release|x86.Deploy.0 = Release|x86
	EndGlobalSection
	GlobalSection(SolutionProperties) = preSolution
		HideSolutionNode = FALSE
	EndGlobalSection
	GlobalSection(ExtensibilityGlobals) = postSolution
		SolutionGuid = {1276031B-CEDE-4555-9D4A-B0C2AD11823C}
	EndGlobalSection
EndGlobal
