
Microsoft Visual Studio Solution File, Format Version 12.00
# Visual Studio Version 16
VisualStudioVersion = 16.0.30804.86
MinimumVisualStudioVersion = 10.0.40219.1
Project("{9A19103F-16F7-4668-BE54-9A1E7A4F7556}") = "BLLC", "BLLC\BLLC.csproj", "{FDD6B226-C16B-44F6-80F6-B11A1FCB4C39}"
EndProject
Project("{FAE04EC0-301F-11D3-BF4B-00C04F79EFBC}") = "ClientConsole", "ClientConsole\ClientConsole.csproj", "{E8C7D686-A25A-4A9A-8A6A-A42440185244}"
EndProject
Project("{9A19103F-16F7-4668-BE54-9A1E7A4F7556}") = "BO", "..\BO\BO.csproj", "{59BF1B9E-18E7-466A-939E-0E56B9868CAB}"
EndProject
Global
	GlobalSection(SolutionConfigurationPlatforms) = preSolution
		Debug|Any CPU = Debug|Any CPU
		Release|Any CPU = Release|Any CPU
	EndGlobalSection
	GlobalSection(ProjectConfigurationPlatforms) = postSolution
		{FDD6B226-C16B-44F6-80F6-B11A1FCB4C39}.Debug|Any CPU.ActiveCfg = Debug|Any CPU
		{FDD6B226-C16B-44F6-80F6-B11A1FCB4C39}.Debug|Any CPU.Build.0 = Debug|Any CPU
		{FDD6B226-C16B-44F6-80F6-B11A1FCB4C39}.Release|Any CPU.ActiveCfg = Release|Any CPU
		{FDD6B226-C16B-44F6-80F6-B11A1FCB4C39}.Release|Any CPU.Build.0 = Release|Any CPU
		{E8C7D686-A25A-4A9A-8A6A-A42440185244}.Debug|Any CPU.ActiveCfg = Debug|Any CPU
		{E8C7D686-A25A-4A9A-8A6A-A42440185244}.Debug|Any CPU.Build.0 = Debug|Any CPU
		{E8C7D686-A25A-4A9A-8A6A-A42440185244}.Release|Any CPU.ActiveCfg = Release|Any CPU
		{E8C7D686-A25A-4A9A-8A6A-A42440185244}.Release|Any CPU.Build.0 = Release|Any CPU
		{59BF1B9E-18E7-466A-939E-0E56B9868CAB}.Debug|Any CPU.ActiveCfg = Debug|Any CPU
		{59BF1B9E-18E7-466A-939E-0E56B9868CAB}.Debug|Any CPU.Build.0 = Debug|Any CPU
		{59BF1B9E-18E7-466A-939E-0E56B9868CAB}.Release|Any CPU.ActiveCfg = Release|Any CPU
		{59BF1B9E-18E7-466A-939E-0E56B9868CAB}.Release|Any CPU.Build.0 = Release|Any CPU
	EndGlobalSection
	GlobalSection(SolutionProperties) = preSolution
		HideSolutionNode = FALSE
	EndGlobalSection
	GlobalSection(ExtensibilityGlobals) = postSolution
		SolutionGuid = {1276031B-CEDE-4555-9D4A-B0C2AD11823C}
	EndGlobalSection
EndGlobal
